lockfileVersion: '9.0'

settings:
  autoInstallPeers: true
  excludeLinksFromLockfile: false

importers:
  .:
    dependencies:
      '@datastructures-js/priority-queue':
        specifier: 5.3.0
        version: 5.3.0
      typescript:
        specifier: ^5.5.2
        version: 5.5.2
    devDependencies:
      prettier:
        specifier: ^3.3.2
        version: 3.3.2

packages:
  '@datastructures-js/heap@3.2.0':
    resolution:
      {
        integrity: sha512-FcU5ZAyb+VIOZz1HABsJUsbJi2ZyUDO7aoe97hq4d3tK3z8nMgwdxf5bO0gafR0ExFi18YTspntqHLzt4XOgnA==,
        tarball: http://artifactory.intra.xiaojukeji.com/artifactory/api/npm/npm/@datastructures-js/heap/-/heap-3.2.0.tgz?dl=https%3A%2F%2Fregistry.npmmirror.com%2F%40datastructures-js%2Fheap%2F-%2Fheap-3.2.0.tgz,
      }

  '@datastructures-js/priority-queue@5.3.0':
    resolution:
      {
        integrity: sha512-0Dl0UooE9Uzz85qBP46HTjQHS5GN7NMNluN5/nMfxQAndG/1eNBJpBntLGT5QJarvMO3poLNBJzA3S4GPajp+w==,
        tarball: http://artifactory.intra.xiaojukeji.com/artifactory/api/npm/npm/@datastructures-js/priority-queue/-/priority-queue-5.3.0.tgz?dl=https%3A%2F%2Fregistry.npmmirror.com%2F%40datastructures-js%2Fpriority-queue%2F-%2Fpriority-queue-5.3.0.tgz,
      }

  prettier@3.3.2:
    resolution:
      {
        integrity: sha512-rAVeHYMcv8ATV5d508CFdn+8/pHPpXeIid1DdrPwXnaAdH7cqjVbpJaT5eq4yRAFU/lsbwYwSF/n5iNrdJHPQA==,
        tarball: http://artifactory.intra.xiaojukeji.com/artifactory/api/npm/npm/prettier/-/prettier-3.3.2.tgz?dl=https%3A%2F%2Fregistry.npmmirror.com%2Fprettier%2F-%2Fprettier-3.3.2.tgz,
      }
    engines: { node: '>=14' }
    hasBin: true

  typescript@5.5.2:
    resolution:
      {
        integrity: sha512-NcRtPEOsPFFWjobJEtfihkLCZCXZt/os3zf8nTxjVH3RvTSxjrCamJpbExGvYOF+tFHc3pA65qpdwPbzjohhew==,
        tarball: http://artifactory.intra.xiaojukeji.com/artifactory/api/npm/npm/typescript/-/typescript-5.5.2.tgz?dl=https%3A%2F%2Fregistry.npmmirror.com%2Ftypescript%2F-%2Ftypescript-5.5.2.tgz,
      }
    engines: { node: '>=14.17' }
    hasBin: true

snapshots:
  '@datastructures-js/heap@3.2.0': {}

  '@datastructures-js/priority-queue@5.3.0':
    dependencies:
      '@datastructures-js/heap': 3.2.0

  prettier@3.3.2: {}

  typescript@5.5.2: {}
