lockfileVersion: '6.0'

settings:
  autoInstallPeers: true
  excludeLinksFromLockfile: false

dependencies:
  '@datastructures-js/priority-queue':
    specifier: 5.3.0
    version: 5.3.0
  typescript:
    specifier: ^5.3.3
    version: 5.3.3

devDependencies:
  tsc:
    specifier: ^2.0.4
    version: 2.0.4

packages:

  /@datastructures-js/heap@3.2.0:
    resolution: {integrity: sha512-FcU5ZAyb+VIOZz1HABsJUsbJi2ZyUDO7aoe97hq4d3tK3z8nMgwdxf5bO0gafR0ExFi18YTspntqHLzt4XOgnA==}
    dev: false

  /@datastructures-js/priority-queue@5.3.0:
    resolution: {integrity: sha512-0Dl0UooE9Uzz85qBP46HTjQHS5GN7NMNluN5/nMfxQAndG/1eNBJpBntLGT5QJarvMO3poLNBJzA3S4GPajp+w==}
    dependencies:
      '@datastructures-js/heap': 3.2.0
    dev: false

  /tsc@2.0.4:
    resolution: {integrity: sha512-fzoSieZI5KKJVBYGvwbVZs/J5za84f2lSTLPYf6AGiIf43tZ3GNrI1QzTLcjtyDDP4aLxd46RTZq1nQxe7+k5Q==}
    hasBin: true
    dev: true

  /typescript@5.3.3:
    resolution: {integrity: sha512-pXWcraxM0uxAS+tN0AG/BF2TyqmHO014Z070UsJ+pFvYuRSq8KH8DmWpnbXe0pEPDHXZV3FcAbJkijJ5oNEnWw==}
    engines: {node: '>=14.17'}
    hasBin: true
    dev: false
